
Microsoft Visual Studio Solution File, Format Version 12.00
# Visual Studio Version 17
VisualStudioVersion = 17.14.36414.22
MinimumVisualStudioVersion = 10.0.40219.1
Project("{2150E333-8FDC-42A3-9474-1A3956D46DE8}") = "Task0", "Task0", "{02EA681E-C7D8-13C7-8484-4AC65E1B71E8}"
EndProject
Project("{FAE04EC0-301F-11D3-BF4B-00C04F79EFBC}") = "Tyuiu.GaberkornEL.Sprint0.Task0.V0", "Tyuiu.GaberkornEL.Sprint0.Task0.V0\Tyuiu.GaberkornEL.Sprint0.Task0.V0.csproj", "{BBF21788-091A-4CF6-BEFA-BA3396969ED4}"
EndProject
Project("{2150E333-8FDC-42A3-9474-1A3956D46DE8}") = "Task1", "Task1", "{A8D7D627-D48C-47A4-AB50-C9A5B0F4DB1F}"
EndProject
Project("{FAE04EC0-301F-11D3-BF4B-00C04F79EFBC}") = "Tyuiu.GaberkornEL.Sprint0.Task1.V0", "Tyuiu.GaberkornEL.Sprint0.Task1.V0\Tyuiu.GaberkornEL.Sprint0.Task1.V0.csproj", "{FAFFA0AF-07A4-4320-977B-901753A7CC07}"
EndProject
Project("{2150E333-8FDC-42A3-9474-1A3956D46DE8}") = "Task2", "Task2", "{FEF61605-DE13-4872-85B5-57904DB8A422}"
EndProject
Project("{FAE04EC0-301F-11D3-BF4B-00C04F79EFBC}") = "Tyuiu.GaberkornEL.Sprint0.Task2.V0", "Tyuiu.GaberkornEL.Sprint0.Task2.V0\Tyuiu.GaberkornEL.Sprint0.Task2.V0.csproj", "{5BDAA886-6666-47DA-8B2B-1EE41CCD23F6}"
EndProject
Project("{FAE04EC0-301F-11D3-BF4B-00C04F79EFBC}") = "Tyuiu.GaberkornEL.Sprint0.Task2.V0.Lib", "Tyuiu.GaberkornEL.Sprint0.Task2.V0.Lib\Tyuiu.GaberkornEL.Sprint0.Task2.V0.Lib.csproj", "{12FDEACC-D92B-4AFE-92C0-0C85A9044807}"
EndProject
Project("{FAE04EC0-301F-11D3-BF4B-00C04F79EFBC}") = "Tyuiu.GaberkornEL.Sprint0.Task2.V0.Test", "Tyuiu.GaberkornEL.Sprint0.Task2.V0.Test\Tyuiu.GaberkornEL.Sprint0.Task2.V0.Test.csproj", "{0201F1F2-A119-40AE-AE65-69E50A348C6C}"
EndProject
Project("{2150E333-8FDC-42A3-9474-1A3956D46DE8}") = "Task3", "Task3", "{9983E55D-996B-4F3C-93E2-0CC8A582BC10}"
EndProject
Project("{FAE04EC0-301F-11D3-BF4B-00C04F79EFBC}") = "Tyuiu.GaberkornEL.Sprint0.Task3.V0", "Tyuiu.GaberkornEL.Sprint0.Task3.V0\Tyuiu.GaberkornEL.Sprint0.Task3.V0.csproj", "{492D494C-DA56-49F9-BB98-0BB5BDFF3223}"
EndProject
Project("{FAE04EC0-301F-11D3-BF4B-00C04F79EFBC}") = "Tyuiu.GaberkornEL.Sprint0.Task3.V0.Lib", "Tyuiu.GaberkornEL.Sprint0.Task3.V0.Lib\Tyuiu.GaberkornEL.Sprint0.Task3.V0.Lib.csproj", "{341AB6CE-6582-4326-BC1F-EF77C7EED4D5}"
EndProject
Project("{FAE04EC0-301F-11D3-BF4B-00C04F79EFBC}") = "Tyuiu.GaberkornEL.Sprint0.Task3.V0.Test", "Tyuiu.GaberkornEL.Sprint0.Task3.V0.Test\Tyuiu.GaberkornEL.Sprint0.Task3.V0.Test.csproj", "{7376559B-F8E9-48F9-A5F4-DF90AD019D10}"
EndProject
Project("{2150E333-8FDC-42A3-9474-1A3956D46DE8}") = "Task4", "Task4", "{F1BFE141-95C5-4A33-944F-33730E1B6D06}"
EndProject
Project("{FAE04EC0-301F-11D3-BF4B-00C04F79EFBC}") = "Tyuiu.GaberkornEL.Sprint0.Task4.V0", "Tyuiu.GaberkornEl.Sprint0.Task4.V0\Tyuiu.GaberkornEL.Sprint0.Task4.V0.csproj", "{E150D694-293D-4DCE-8AF2-E38F022BEE6A}"
EndProject
Project("{FAE04EC0-301F-11D3-BF4B-00C04F79EFBC}") = "Tyuiu.GaberkornEL.Sprint0.Task4.V0.Test", "Tyuiu.GaberkornEl.Sprint0.Task4.V0.Test\Tyuiu.GaberkornEL.Sprint0.Task4.V0.Test.csproj", "{F33AD401-98A8-4EAA-B5D0-EA55E78435D4}"
EndProject
Project("{FAE04EC0-301F-11D3-BF4B-00C04F79EFBC}") = "Tyuiu.GaberkornEL.Sprint0.Task4.V0.Lib", "Tyuiu.GaberkornEl.Sprint0.Task4.V1.Lib\Tyuiu.GaberkornEL.Sprint0.Task4.V0.Lib.csproj", "{99492D29-86DE-441F-8863-4D2DF6342A2F}"
EndProject
Project("{2150E333-8FDC-42A3-9474-1A3956D46DE8}") = "Task5", "Task5", "{91480987-CB27-4D6D-A72F-93C4AF9AD7E6}"
EndProject
Project("{FAE04EC0-301F-11D3-BF4B-00C04F79EFBC}") = "Tyuiu.GaberkornEL.Sprint0.Task5.V0.Lib", "Tyuiu.GaberkornEL.Sprint0.Task5.V0.Lib\Tyuiu.GaberkornEL.Sprint0.Task5.V0.Lib.csproj", "{3827B109-FEEB-401D-837D-02A8036F79D3}"
EndProject
Project("{FAE04EC0-301F-11D3-BF4B-00C04F79EFBC}") = "Tyuiu.GaberkornEL.Sprint0.Task5.V0", "Tyuiu.GaberkornEL.Sprint0.Task5.V0\Tyuiu.GaberkornEL.Sprint0.Task5.V0.csproj", "{363695DA-81ED-4DF0-8154-BB440048FD21}"
EndProject
Project("{FAE04EC0-301F-11D3-BF4B-00C04F79EFBC}") = "Tyuiu.GaberkornEL.Sprint0.Task5.V0.Test", "Tyuiu.GaberkornEL.Sprint0.Task5.V0.Test\Tyuiu.GaberkornEL.Sprint0.Task5.V0.Test.csproj", "{DCE657FB-A087-49C9-92B4-C777A18F6F10}"
EndProject
Project("{2150E333-8FDC-42A3-9474-1A3956D46DE8}") = "Task6", "Task6", "{9E02CFAF-E3B4-4E3E-B82A-B86B60EB232A}"
EndProject
Project("{FAE04EC0-301F-11D3-BF4B-00C04F79EFBC}") = "Tyuiu.GaberkornEL.Sprint0.Task6.V0", "Tyuiu.GaberkornEL.Sprint0.Task6.V0\Tyuiu.GaberkornEL.Sprint0.Task6.V0.csproj", "{73676297-A8EF-422F-B7AD-01D92B714579}"
EndProject
Project("{FAE04EC0-301F-11D3-BF4B-00C04F79EFBC}") = "Tyuiu.GaberkornEL.Sprint0.Task6.V0.Lib", "Tyuiu.GaberkornEL.Sprint0.Task6.V0.Lib\Tyuiu.GaberkornEL.Sprint0.Task6.V0.Lib.csproj", "{07227E71-EE50-492A-B047-B3147D7FB09D}"
EndProject
Project("{FAE04EC0-301F-11D3-BF4B-00C04F79EFBC}") = "Tyuiu.GaberkornEL.Sprint0.Task6.V0.Test", "Tyuiu.GaberkornEL.Sprint0.Task6.V0.Test\Tyuiu.GaberkornEL.Sprint0.Task6.V0.Test.csproj", "{5772A7B3-5EF5-4BAE-85F9-5E6E71051055}"
EndProject
Project("{2150E333-8FDC-42A3-9474-1A3956D46DE8}") = "Task7", "Task7", "{9C414A1E-FDFD-4EDA-82AD-C2C643A2AF9C}"
EndProject
Project("{FAE04EC0-301F-11D3-BF4B-00C04F79EFBC}") = "Tyuiu.GaberkornEL.Sprint0.Task7.V0", "Tyuiu.GaberkornEL.Sprint0.Task7.V0\Tyuiu.GaberkornEL.Sprint0.Task7.V0.csproj", "{6B90F8E4-D808-4157-899B-B6B8575E72C5}"
EndProject
Project("{FAE04EC0-301F-11D3-BF4B-00C04F79EFBC}") = "Tyuiu.GaberkornEL.Sprint0.Task7.V0.Test", "Tyuiu.GaberkornEL.Sprint0.Task7.V0.Test\Tyuiu.GaberkornEL.Sprint0.Task7.V0.Test.csproj", "{D44BC8EC-71C4-4424-8D6A-5D93A70D68FF}"
EndProject
Project("{FAE04EC0-301F-11D3-BF4B-00C04F79EFBC}") = "Tyuiu.GaberkornEL.Sprint0.Task7.V0.Lib", "Tyuiu.GaberkornEL.Sprint0.Task7.V0.Lib\Tyuiu.GaberkornEL.Sprint0.Task7.V0.Lib.csproj", "{DC3B643E-8602-4756-8651-F8707ACD57FB}"
EndProject
Global
	GlobalSection(SolutionConfigurationPlatforms) = preSolution
		Debug|Any CPU = Debug|Any CPU
		Release|Any CPU = Release|Any CPU
	EndGlobalSection
	GlobalSection(ProjectConfigurationPlatforms) = postSolution
		{BBF21788-091A-4CF6-BEFA-BA3396969ED4}.Debug|Any CPU.ActiveCfg = Debug|Any CPU
		{BBF21788-091A-4CF6-BEFA-BA3396969ED4}.Debug|Any CPU.Build.0 = Debug|Any CPU
		{BBF21788-091A-4CF6-BEFA-BA3396969ED4}.Release|Any CPU.ActiveCfg = Release|Any CPU
		{BBF21788-091A-4CF6-BEFA-BA3396969ED4}.Release|Any CPU.Build.0 = Release|Any CPU
		{FAFFA0AF-07A4-4320-977B-901753A7CC07}.Debug|Any CPU.ActiveCfg = Debug|Any CPU
		{FAFFA0AF-07A4-4320-977B-901753A7CC07}.Debug|Any CPU.Build.0 = Debug|Any CPU
		{FAFFA0AF-07A4-4320-977B-901753A7CC07}.Release|Any CPU.ActiveCfg = Release|Any CPU
		{FAFFA0AF-07A4-4320-977B-901753A7CC07}.Release|Any CPU.Build.0 = Release|Any CPU
		{5BDAA886-6666-47DA-8B2B-1EE41CCD23F6}.Debug|Any CPU.ActiveCfg = Debug|Any CPU
		{5BDAA886-6666-47DA-8B2B-1EE41CCD23F6}.Debug|Any CPU.Build.0 = Debug|Any CPU
		{5BDAA886-6666-47DA-8B2B-1EE41CCD23F6}.Release|Any CPU.ActiveCfg = Release|Any CPU
		{5BDAA886-6666-47DA-8B2B-1EE41CCD23F6}.Release|Any CPU.Build.0 = Release|Any CPU
		{12FDEACC-D92B-4AFE-92C0-0C85A9044807}.Debug|Any CPU.ActiveCfg = Debug|Any CPU
		{12FDEACC-D92B-4AFE-92C0-0C85A9044807}.Debug|Any CPU.Build.0 = Debug|Any CPU
		{12FDEACC-D92B-4AFE-92C0-0C85A9044807}.Release|Any CPU.ActiveCfg = Release|Any CPU
		{12FDEACC-D92B-4AFE-92C0-0C85A9044807}.Release|Any CPU.Build.0 = Release|Any CPU
		{0201F1F2-A119-40AE-AE65-69E50A348C6C}.Debug|Any CPU.ActiveCfg = Debug|Any CPU
		{0201F1F2-A119-40AE-AE65-69E50A348C6C}.Debug|Any CPU.Build.0 = Debug|Any CPU
		{0201F1F2-A119-40AE-AE65-69E50A348C6C}.Release|Any CPU.ActiveCfg = Release|Any CPU
		{0201F1F2-A119-40AE-AE65-69E50A348C6C}.Release|Any CPU.Build.0 = Release|Any CPU
		{492D494C-DA56-49F9-BB98-0BB5BDFF3223}.Debug|Any CPU.ActiveCfg = Debug|Any CPU
		{492D494C-DA56-49F9-BB98-0BB5BDFF3223}.Debug|Any CPU.Build.0 = Debug|Any CPU
		{492D494C-DA56-49F9-BB98-0BB5BDFF3223}.Release|Any CPU.ActiveCfg = Release|Any CPU
		{492D494C-DA56-49F9-BB98-0BB5BDFF3223}.Release|Any CPU.Build.0 = Release|Any CPU
		{341AB6CE-6582-4326-BC1F-EF77C7EED4D5}.Debug|Any CPU.ActiveCfg = Debug|Any CPU
		{341AB6CE-6582-4326-BC1F-EF77C7EED4D5}.Debug|Any CPU.Build.0 = Debug|Any CPU
		{341AB6CE-6582-4326-BC1F-EF77C7EED4D5}.Release|Any CPU.ActiveCfg = Release|Any CPU
		{341AB6CE-6582-4326-BC1F-EF77C7EED4D5}.Release|Any CPU.Build.0 = Release|Any CPU
		{7376559B-F8E9-48F9-A5F4-DF90AD019D10}.Debug|Any CPU.ActiveCfg = Debug|Any CPU
		{7376559B-F8E9-48F9-A5F4-DF90AD019D10}.Debug|Any CPU.Build.0 = Debug|Any CPU
		{7376559B-F8E9-48F9-A5F4-DF90AD019D10}.Release|Any CPU.ActiveCfg = Release|Any CPU
		{7376559B-F8E9-48F9-A5F4-DF90AD019D10}.Release|Any CPU.Build.0 = Release|Any CPU
		{E150D694-293D-4DCE-8AF2-E38F022BEE6A}.Debug|Any CPU.ActiveCfg = Debug|Any CPU
		{E150D694-293D-4DCE-8AF2-E38F022BEE6A}.Debug|Any CPU.Build.0 = Debug|Any CPU
		{E150D694-293D-4DCE-8AF2-E38F022BEE6A}.Release|Any CPU.ActiveCfg = Release|Any CPU
		{E150D694-293D-4DCE-8AF2-E38F022BEE6A}.Release|Any CPU.Build.0 = Release|Any CPU
		{F33AD401-98A8-4EAA-B5D0-EA55E78435D4}.Debug|Any CPU.ActiveCfg = Debug|Any CPU
		{F33AD401-98A8-4EAA-B5D0-EA55E78435D4}.Debug|Any CPU.Build.0 = Debug|Any CPU
		{F33AD401-98A8-4EAA-B5D0-EA55E78435D4}.Release|Any CPU.ActiveCfg = Release|Any CPU
		{F33AD401-98A8-4EAA-B5D0-EA55E78435D4}.Release|Any CPU.Build.0 = Release|Any CPU
		{99492D29-86DE-441F-8863-4D2DF6342A2F}.Debug|Any CPU.ActiveCfg = Debug|Any CPU
		{99492D29-86DE-441F-8863-4D2DF6342A2F}.Debug|Any CPU.Build.0 = Debug|Any CPU
		{99492D29-86DE-441F-8863-4D2DF6342A2F}.Release|Any CPU.ActiveCfg = Release|Any CPU
		{99492D29-86DE-441F-8863-4D2DF6342A2F}.Release|Any CPU.Build.0 = Release|Any CPU
		{3827B109-FEEB-401D-837D-02A8036F79D3}.Debug|Any CPU.ActiveCfg = Debug|Any CPU
		{3827B109-FEEB-401D-837D-02A8036F79D3}.Debug|Any CPU.Build.0 = Debug|Any CPU
		{3827B109-FEEB-401D-837D-02A8036F79D3}.Release|Any CPU.ActiveCfg = Release|Any CPU
		{3827B109-FEEB-401D-837D-02A8036F79D3}.Release|Any CPU.Build.0 = Release|Any CPU
		{363695DA-81ED-4DF0-8154-BB440048FD21}.Debug|Any CPU.ActiveCfg = Debug|Any CPU
		{363695DA-81ED-4DF0-8154-BB440048FD21}.Debug|Any CPU.Build.0 = Debug|Any CPU
		{363695DA-81ED-4DF0-8154-BB440048FD21}.Release|Any CPU.ActiveCfg = Release|Any CPU
		{363695DA-81ED-4DF0-8154-BB440048FD21}.Release|Any CPU.Build.0 = Release|Any CPU
		{DCE657FB-A087-49C9-92B4-C777A18F6F10}.Debug|Any CPU.ActiveCfg = Debug|Any CPU
		{DCE657FB-A087-49C9-92B4-C777A18F6F10}.Debug|Any CPU.Build.0 = Debug|Any CPU
		{DCE657FB-A087-49C9-92B4-C777A18F6F10}.Release|Any CPU.ActiveCfg = Release|Any CPU
		{DCE657FB-A087-49C9-92B4-C777A18F6F10}.Release|Any CPU.Build.0 = Release|Any CPU
		{73676297-A8EF-422F-B7AD-01D92B714579}.Debug|Any CPU.ActiveCfg = Debug|Any CPU
		{73676297-A8EF-422F-B7AD-01D92B714579}.Debug|Any CPU.Build.0 = Debug|Any CPU
		{73676297-A8EF-422F-B7AD-01D92B714579}.Release|Any CPU.ActiveCfg = Release|Any CPU
		{73676297-A8EF-422F-B7AD-01D92B714579}.Release|Any CPU.Build.0 = Release|Any CPU
		{07227E71-EE50-492A-B047-B3147D7FB09D}.Debug|Any CPU.ActiveCfg = Debug|Any CPU
		{07227E71-EE50-492A-B047-B3147D7FB09D}.Debug|Any CPU.Build.0 = Debug|Any CPU
		{07227E71-EE50-492A-B047-B3147D7FB09D}.Release|Any CPU.ActiveCfg = Release|Any CPU
		{07227E71-EE50-492A-B047-B3147D7FB09D}.Release|Any CPU.Build.0 = Release|Any CPU
		{5772A7B3-5EF5-4BAE-85F9-5E6E71051055}.Debug|Any CPU.ActiveCfg = Debug|Any CPU
		{5772A7B3-5EF5-4BAE-85F9-5E6E71051055}.Debug|Any CPU.Build.0 = Debug|Any CPU
		{5772A7B3-5EF5-4BAE-85F9-5E6E71051055}.Release|Any CPU.ActiveCfg = Release|Any CPU
		{5772A7B3-5EF5-4BAE-85F9-5E6E71051055}.Release|Any CPU.Build.0 = Release|Any CPU
		{6B90F8E4-D808-4157-899B-B6B8575E72C5}.Debug|Any CPU.ActiveCfg = Debug|Any CPU
		{6B90F8E4-D808-4157-899B-B6B8575E72C5}.Debug|Any CPU.Build.0 = Debug|Any CPU
		{6B90F8E4-D808-4157-899B-B6B8575E72C5}.Release|Any CPU.ActiveCfg = Release|Any CPU
		{6B90F8E4-D808-4157-899B-B6B8575E72C5}.Release|Any CPU.Build.0 = Release|Any CPU
		{D44BC8EC-71C4-4424-8D6A-5D93A70D68FF}.Debug|Any CPU.ActiveCfg = Debug|Any CPU
		{D44BC8EC-71C4-4424-8D6A-5D93A70D68FF}.Debug|Any CPU.Build.0 = Debug|Any CPU
		{D44BC8EC-71C4-4424-8D6A-5D93A70D68FF}.Release|Any CPU.ActiveCfg = Release|Any CPU
		{D44BC8EC-71C4-4424-8D6A-5D93A70D68FF}.Release|Any CPU.Build.0 = Release|Any CPU
		{DC3B643E-8602-4756-8651-F8707ACD57FB}.Debug|Any CPU.ActiveCfg = Debug|Any CPU
		{DC3B643E-8602-4756-8651-F8707ACD57FB}.Debug|Any CPU.Build.0 = Debug|Any CPU
		{DC3B643E-8602-4756-8651-F8707ACD57FB}.Release|Any CPU.ActiveCfg = Release|Any CPU
		{DC3B643E-8602-4756-8651-F8707ACD57FB}.Release|Any CPU.Build.0 = Release|Any CPU
	EndGlobalSection
	GlobalSection(SolutionProperties) = preSolution
		HideSolutionNode = FALSE
	EndGlobalSection
	GlobalSection(NestedProjects) = preSolution
		{BBF21788-091A-4CF6-BEFA-BA3396969ED4} = {02EA681E-C7D8-13C7-8484-4AC65E1B71E8}
		{FAFFA0AF-07A4-4320-977B-901753A7CC07} = {A8D7D627-D48C-47A4-AB50-C9A5B0F4DB1F}
		{5BDAA886-6666-47DA-8B2B-1EE41CCD23F6} = {FEF61605-DE13-4872-85B5-57904DB8A422}
		{12FDEACC-D92B-4AFE-92C0-0C85A9044807} = {FEF61605-DE13-4872-85B5-57904DB8A422}
		{0201F1F2-A119-40AE-AE65-69E50A348C6C} = {FEF61605-DE13-4872-85B5-57904DB8A422}
		{492D494C-DA56-49F9-BB98-0BB5BDFF3223} = {9983E55D-996B-4F3C-93E2-0CC8A582BC10}
		{341AB6CE-6582-4326-BC1F-EF77C7EED4D5} = {9983E55D-996B-4F3C-93E2-0CC8A582BC10}
		{7376559B-F8E9-48F9-A5F4-DF90AD019D10} = {9983E55D-996B-4F3C-93E2-0CC8A582BC10}
		{E150D694-293D-4DCE-8AF2-E38F022BEE6A} = {F1BFE141-95C5-4A33-944F-33730E1B6D06}
		{F33AD401-98A8-4EAA-B5D0-EA55E78435D4} = {F1BFE141-95C5-4A33-944F-33730E1B6D06}
		{99492D29-86DE-441F-8863-4D2DF6342A2F} = {F1BFE141-95C5-4A33-944F-33730E1B6D06}
		{3827B109-FEEB-401D-837D-02A8036F79D3} = {91480987-CB27-4D6D-A72F-93C4AF9AD7E6}
		{363695DA-81ED-4DF0-8154-BB440048FD21} = {91480987-CB27-4D6D-A72F-93C4AF9AD7E6}
		{DCE657FB-A087-49C9-92B4-C777A18F6F10} = {91480987-CB27-4D6D-A72F-93C4AF9AD7E6}
		{73676297-A8EF-422F-B7AD-01D92B714579} = {9E02CFAF-E3B4-4E3E-B82A-B86B60EB232A}
		{07227E71-EE50-492A-B047-B3147D7FB09D} = {9E02CFAF-E3B4-4E3E-B82A-B86B60EB232A}
		{5772A7B3-5EF5-4BAE-85F9-5E6E71051055} = {9E02CFAF-E3B4-4E3E-B82A-B86B60EB232A}
		{6B90F8E4-D808-4157-899B-B6B8575E72C5} = {9C414A1E-FDFD-4EDA-82AD-C2C643A2AF9C}
		{D44BC8EC-71C4-4424-8D6A-5D93A70D68FF} = {9C414A1E-FDFD-4EDA-82AD-C2C643A2AF9C}
		{DC3B643E-8602-4756-8651-F8707ACD57FB} = {9C414A1E-FDFD-4EDA-82AD-C2C643A2AF9C}
	EndGlobalSection
	GlobalSection(ExtensibilityGlobals) = postSolution
		SolutionGuid = {FD9E6027-79F6-4623-B385-C31FBBD1E53F}
	EndGlobalSection
EndGlobal
